{
  "name": "@wade-cli-dev/exec",
  "version": "0.0.5",
  "lockfileVersion": 2,
  "requires": true,
  "packages": {
    "": {
      "name": "@wade-cli-dev/exec",
      "version": "0.0.4",
      "license": "ISC",
      "dependencies": {
        "@wade-cli-dev/log": "file:../../utils/log",
        "@wade-cli-dev/package": "file:../../models/package"
      }
    },
    "../../models/package": {
      "name": "@wade-cli-dev/package",
      "version": "0.0.4",
      "license": "ISC"
    },
    "../../utils/log": {
      "version": "0.0.4",
      "license": "ISC",
      "dependencies": {
        "npmlog": "^4.1.2"
      }
    },
    "node_modules/@wade-cli-dev/log": {
      "resolved": "../../utils/log",
      "link": true
    },
    "node_modules/@wade-cli-dev/package": {
      "resolved": "../../models/package",
      "link": true
    }
  },
  "dependencies": {
    "@wade-cli-dev/log": {
      "version": "file:../../utils/log",
      "requires": {
        "npmlog": "^4.1.2"
      }
    },
    "@wade-cli-dev/package": {
      "version": "file:../../models/package"
    }
  }
}
